# This file is automatically @generated by Cargo.
# It is not intended for manual editing.
version = 4

[[package]]
name = "crosslab-core"
version = "0.1.0"
dependencies = [
 "crosslab-identity",
 "crosslab-policy",
 "crosslab-protocol",
]

[[package]]
name = "crosslab-crypto"
version = "0.1.0"

[[package]]
name = "crosslab-identity"
version = "0.1.0"
dependencies = [
 "crosslab-crypto",
]

[[package]]
name = "crosslab-policy"
version = "0.1.0"
dependencies = [
 "crosslab-identity",
]

[[package]]
name = "crosslab-protocol"
version = "0.1.0"
dependencies = [
 "crosslab-crypto",
 "crosslab-identity",
 "crosslab-policy",
]

[[package]]
name = "crosslab-sim"
version = "0.1.0"
dependencies = [
 "crosslab-core",
]
